PODS:
  - MishiPaySDKv2 (2.0.1)

DEPENDENCIES:
  - MishiPaySDKv2 (= 2.0.1)

SPEC REPOS:
  https://github.com/mishipay-ltd/MishipayiOSLibrary.git:
    - MishiPaySDKv2

SPEC CHECKSUMS:
  MishiPaySDKv2: cf9ac4782b4158c9a16ad94ac17abc56b6e9f1c3

PODFILE CHECKSUM: bd1e9807d4f7d509ff5f8811110b25f6496aaf25

COCOAPODS: 1.10.1
