PODS:
  - MishipayiOSLibrary (2.0.1)

DEPENDENCIES:
  - MishipayiOSLibrary (= 2.0.1)

SPEC REPOS:
  https://github.com/CocoaPods/Specs.git:
    - MishipayiOSLibrary

SPEC CHECKSUMS:
  MishipayiOSLibrary: 0eb99e8bb20165bf0409cbd95cb3d9adeb9624d2

PODFILE CHECKSUM: c8af24bfb28677688fc12756309895bfdbf11dbf

COCOAPODS: 1.10.1
